
Microsoft Visual Studio Solution File, Format Version 12.00
# Visual Studio Version 17
VisualStudioVersion = 17.11.35327.3
MinimumVisualStudioVersion = 10.0.40219.1
Project("{FAE04EC0-301F-11D3-BF4B-00C04F79EFBC}") = "Richard2DGameFramework", "Richard2DGameFramework\Richard2DGameFramework.csproj", "{A8736E05-D97A-4CA2-B07F-90690795B9B0}"
EndProject
Project("{FAE04EC0-301F-11D3-BF4B-00C04F79EFBC}") = "GameTestApp", "GameTestApp\GameTestApp.csproj", "{62905AFE-4142-4B00-994D-930280C1407C}"
EndProject
Global
	GlobalSection(SolutionConfigurationPlatforms) = preSolution
		Debug|Any CPU = Debug|Any CPU
		Release|Any CPU = Release|Any CPU
	EndGlobalSection
	GlobalSection(ProjectConfigurationPlatforms) = postSolution
		{A8736E05-D97A-4CA2-B07F-90690795B9B0}.Debug|Any CPU.ActiveCfg = Debug|Any CPU
		{A8736E05-D97A-4CA2-B07F-90690795B9B0}.Debug|Any CPU.Build.0 = Debug|Any CPU
		{A8736E05-D97A-4CA2-B07F-90690795B9B0}.Release|Any CPU.ActiveCfg = Release|Any CPU
		{A8736E05-D97A-4CA2-B07F-90690795B9B0}.Release|Any CPU.Build.0 = Release|Any CPU
		{62905AFE-4142-4B00-994D-930280C1407C}.Debug|Any CPU.ActiveCfg = Debug|Any CPU
		{62905AFE-4142-4B00-994D-930280C1407C}.Debug|Any CPU.Build.0 = Debug|Any CPU
		{62905AFE-4142-4B00-994D-930280C1407C}.Release|Any CPU.ActiveCfg = Release|Any CPU
		{62905AFE-4142-4B00-994D-930280C1407C}.Release|Any CPU.Build.0 = Release|Any CPU
	EndGlobalSection
	GlobalSection(SolutionProperties) = preSolution
		HideSolutionNode = FALSE
	EndGlobalSection
	GlobalSection(ExtensibilityGlobals) = postSolution
		SolutionGuid = {5C022EDD-1ECF-4D6D-9F1D-5E7A566833B5}
	EndGlobalSection
EndGlobal
